
Microsoft Visual Studio Solution File, Format Version 12.00
# Visual Studio 2013
VisualStudioVersion = 12.0.30501.0
MinimumVisualStudioVersion = 10.0.40219.1
Project("{8BC9CEB8-8B4A-11D0-8D11-00A0C91BC942}") = "Hash", "Hash\Hash.vcxproj", "{B4B6096D-6AD6-4E47-9C7B-3A154A341C5B}"
EndProject
Global
	GlobalSection(SolutionConfigurationPlatforms) = preSolution
		Debug|Win32 = Debug|Win32
		Release|Win32 = Release|Win32
	EndGlobalSection
	GlobalSection(ProjectConfigurationPlatforms) = postSolution
		{B4B6096D-6AD6-4E47-9C7B-3A154A341C5B}.Debug|Win32.ActiveCfg = Debug|Win32
		{B4B6096D-6AD6-4E47-9C7B-3A154A341C5B}.Debug|Win32.Build.0 = Debug|Win32
		{B4B6096D-6AD6-4E47-9C7B-3A154A341C5B}.Release|Win32.ActiveCfg = Release|Win32
		{B4B6096D-6AD6-4E47-9C7B-3A154A341C5B}.Release|Win32.Build.0 = Release|Win32
	EndGlobalSection
	GlobalSection(SolutionProperties) = preSolution
		HideSolutionNode = FALSE
	EndGlobalSection
EndGlobal
